
Microsoft Visual Studio Solution File, Format Version 12.00
# Visual Studio Version 16
VisualStudioVersion = 16.0.29503.13
MinimumVisualStudioVersion = 10.0.40219.1
Project("{FAE04EC0-301F-11D3-BF4B-00C04F79EFBC}") = "BinaryTree", "BinaryTree\BinaryTree.csproj", "{98299A17-0135-4927-9EDB-CE1745B933B4}"
EndProject
Project("{FAE04EC0-301F-11D3-BF4B-00C04F79EFBC}") = "EnumeratorTest", "EnumeratorTest\EnumeratorTest.csproj", "{B7F63C88-50BF-4E45-A0A7-848C49BF6D46}"
EndProject
Global
	GlobalSection(SolutionConfigurationPlatforms) = preSolution
		Debug|Any CPU = Debug|Any CPU
		Release|Any CPU = Release|Any CPU
	EndGlobalSection
	GlobalSection(ProjectConfigurationPlatforms) = postSolution
		{98299A17-0135-4927-9EDB-CE1745B933B4}.Debug|Any CPU.ActiveCfg = Debug|Any CPU
		{98299A17-0135-4927-9EDB-CE1745B933B4}.Debug|Any CPU.Build.0 = Debug|Any CPU
		{98299A17-0135-4927-9EDB-CE1745B933B4}.Release|Any CPU.ActiveCfg = Release|Any CPU
		{98299A17-0135-4927-9EDB-CE1745B933B4}.Release|Any CPU.Build.0 = Release|Any CPU
		{B7F63C88-50BF-4E45-A0A7-848C49BF6D46}.Debug|Any CPU.ActiveCfg = Debug|Any CPU
		{B7F63C88-50BF-4E45-A0A7-848C49BF6D46}.Debug|Any CPU.Build.0 = Debug|Any CPU
		{B7F63C88-50BF-4E45-A0A7-848C49BF6D46}.Release|Any CPU.ActiveCfg = Release|Any CPU
		{B7F63C88-50BF-4E45-A0A7-848C49BF6D46}.Release|Any CPU.Build.0 = Release|Any CPU
	EndGlobalSection
	GlobalSection(SolutionProperties) = preSolution
		HideSolutionNode = FALSE
	EndGlobalSection
	GlobalSection(ExtensibilityGlobals) = postSolution
		SolutionGuid = {445A601C-E0B2-4E0A-961E-ECB030CE9547}
	EndGlobalSection
EndGlobal
